<?xml version="1.0" encoding="utf-8"?>
<Project ToolsVersion="4.0" xmlns="http://schemas.microsoft.com/developer/msbuild/2003">
  <ItemGroup>
    <Filter Include="Source">
      <UniqueIdentifier>{D4725FCA-AD7C-46BE-9D22-96ACB3EF4666}</UniqueIdentifier>
    </Filter>
    <Filter Include="Source\Bullet">
      <UniqueIdentifier>{2D70A93C-862E-4CF3-BB33-CA3F55C22A37}</UniqueIdentifier>
    </Filter>
    <Filter Include="Source\Core">
      <UniqueIdentifier>{C8256858-CD63-4BF3-A198-BDC8402EC787}</UniqueIdentifier>
    </Filter>
    <Filter Include="Source\Engine">
      <UniqueIdentifier>{BDBF60BA-7346-4865-A5E0-9E4496724968}</UniqueIdentifier>
    </Filter>
    <Filter Include="Source\Particle">
      <UniqueIdentifier>{EA3512BB-9A8D-4455-9831-73BEDE0011A0}</UniqueIdentifier>
    </Filter>
    <Filter Include="Source\Player">
      <UniqueIdentifier>{E0F885EA-D193-4DED-A2AF-C9F837C1FCB9}</UniqueIdentifier>
    </Filter>
    <Filter Include="Source\Sounds">
      <UniqueIdentifier>{8AB784EC-E334-46F2-A8FD-12671B76F10A}</UniqueIdentifier>
    </Filter>
    <Filter Include="Source\UI">
      <UniqueIdentifier>{949D9642-E03B-40F9-BC09-8AC480E98EE1}</UniqueIdentifier>
    </Filter>
  </ItemGroup>
  <ItemGroup>
    <ClCompile Include="Source\Engine\Engine.cpp">
      <Filter>Source\Engine</Filter>
    </ClCompile>
    <ClCompile Include="Source\UI\GameText.cpp">
      <Filter>Source\UI</Filter>
    </ClCompile>
    <ClCompile Include="Source\main.cpp">
      <Filter>Source</Filter>
    </ClCompile>
    <ClCompile Include="Source\Particle\Matrices.cpp">
      <Filter>Source\Particle</Filter>
    </ClCompile>
    <ClCompile Include="Source\Particle\Particle.cpp">
      <Filter>Source\Particle</Filter>
    </ClCompile>
    <ClCompile Include="Source\Player\Player.cpp">
      <Filter>Source\Player</Filter>
    </ClCompile>
    <ClCompile Include="Source\Bullet\PlayerBullet.cpp">
      <Filter>Source\Bullet</Filter>
    </ClCompile>
    <ClCompile Include="Source\Sounds\SoundManager.cpp">
      <Filter>Source\Sounds</Filter>
    </ClCompile>
    <ClCompile Include="Source\Bullet\Spawner.cpp">
      <Filter>Source\Bullet</Filter>
    </ClCompile>
  </ItemGroup>
  <ItemGroup>
    <ClInclude Include="Source\Core\Constants.h">
      <Filter>Source\Core</Filter>
    </ClInclude>
    <ClInclude Include="Source\Engine\Engine.h">
      <Filter>Source\Engine</Filter>
    </ClInclude>
    <ClInclude Include="Source\UI\GameText.h">
      <Filter>Source\UI</Filter>
    </ClInclude>
    <ClInclude Include="Source\Particle\Matrices.h">
      <Filter>Source\Particle</Filter>
    </ClInclude>
    <ClInclude Include="Source\Core\Object.h">
      <Filter>Source\Core</Filter>
    </ClInclude>
    <ClInclude Include="Source\Particle\Particle.h">
      <Filter>Source\Particle</Filter>
    </ClInclude>
    <ClInclude Include="Source\Player\Player.h">
      <Filter>Source\Player</Filter>
    </ClInclude>
    <ClInclude Include="Source\Bullet\PlayerBullet.h">
      <Filter>Source\Bullet</Filter>
    </ClInclude>
    <ClInclude Include="Source\Sounds\SoundManager.h">
      <Filter>Source\Sounds</Filter>
    </ClInclude>
    <ClInclude Include="Source\Bullet\Spawner.h">
      <Filter>Source\Bullet</Filter>
    </ClInclude>
  </ItemGroup>
</Project>